<?xml version="1.0" encoding="utf-8"?>
<Project ToolsVersion="4.0" xmlns="http://schemas.microsoft.com/developer/msbuild/2003">
  <ItemGroup>
    <Filter Include="소스 파일">
      <UniqueIdentifier>{4FC737F1-C7A5-4376-A066-2A32D752A2FF}</UniqueIdentifier>
      <Extensions>cpp;c;cc;cxx;def;odl;idl;hpj;bat;asm;asmx</Extensions>
    </Filter>
    <Filter Include="헤더 파일">
      <UniqueIdentifier>{93995380-89BD-4b04-88EB-625FBE52EBFB}</UniqueIdentifier>
      <Extensions>h;hh;hpp;hxx;hm;inl;inc;ipp;xsd</Extensions>
    </Filter>
    <Filter Include="리소스 파일">
      <UniqueIdentifier>{67DA6AB6-F800-4c08-8B7A-83BB121AAD01}</UniqueIdentifier>
      <Extensions>rc;ico;cur;bmp;dlg;rc2;rct;bin;rgs;gif;jpg;jpeg;jpe;resx;tiff;tif;png;wav;mfcribbon-ms</Extensions>
    </Filter>
  </ItemGroup>
  <ItemGroup>
    <ClCompile Include="o 1912 연속합.cpp">
      <Filter>소스 파일</Filter>
    </ClCompile>
    <ClCompile Include="x 2293 동전.cpp">
      <Filter>소스 파일</Filter>
    </ClCompile>
    <ClCompile Include="o 2579 계단오르기.cpp">
      <Filter>소스 파일</Filter>
    </ClCompile>
    <ClCompile Include="o 2636 치즈.cpp">
      <Filter>소스 파일</Filter>
    </ClCompile>
    <ClCompile Include="o 2661 좋은수열.cpp">
      <Filter>소스 파일</Filter>
    </ClCompile>
    <ClCompile Include="o 5430 ac.cpp">
      <Filter>소스 파일</Filter>
    </ClCompile>
    <ClCompile Include="o 6588 골드바흐의 추측.cpp">
      <Filter>소스 파일</Filter>
    </ClCompile>
    <ClCompile Include="o 11052 카드 구매하기.cpp">
      <Filter>소스 파일</Filter>
    </ClCompile>
    <ClCompile Include="o 11727 2 x n 타일링 2.cpp">
      <Filter>소스 파일</Filter>
    </ClCompile>
    <ClCompile Include="o 15686 치킨 배달.cpp">
      <Filter>소스 파일</Filter>
    </ClCompile>
    <ClCompile Include="x 15711 환상의 짝궁.cpp">
      <Filter>소스 파일</Filter>
    </ClCompile>
    <ClCompile Include="o 2805 나무 자르기.cpp">
      <Filter>소스 파일</Filter>
    </ClCompile>
    <ClCompile Include="o 12787 지금 밥이 문제냐.cpp">
      <Filter>소스 파일</Filter>
    </ClCompile>
    <ClCompile Include="o 2512 예산.cpp">
      <Filter>소스 파일</Filter>
    </ClCompile>
    <ClCompile Include="o %28다시%29 2580 스도쿠.cpp">
      <Filter>소스 파일</Filter>
    </ClCompile>
    <ClCompile Include="x %28다시%29 1016 제곱 ㄴㄴ 수 %28지녀기 풀이%29.cpp">
      <Filter>소스 파일</Filter>
    </ClCompile>
    <ClCompile Include="o 13305 주유소.cpp">
      <Filter>소스 파일</Filter>
    </ClCompile>
    <ClCompile Include="o 1654 랜선 자르기.cpp">
      <Filter>소스 파일</Filter>
    </ClCompile>
    <ClCompile Include="o 1826 연료 채우기.cpp">
      <Filter>소스 파일</Filter>
    </ClCompile>
    <ClCompile Include="x %28결과는 나오는데 왜안될까요%29 1422 숫자의신.cpp">
      <Filter>소스 파일</Filter>
    </ClCompile>
    <ClCompile Include="x 2618 경찰차.cpp">
      <Filter>소스 파일</Filter>
    </ClCompile>
    <ClCompile Include="x 2618 경찰차 2.cpp">
      <Filter>소스 파일</Filter>
    </ClCompile>
    <ClCompile Include="o 2585 경비행기.cpp">
      <Filter>소스 파일</Filter>
    </ClCompile>
    <ClCompile Include="o 3079 입국심사.cpp">
      <Filter>소스 파일</Filter>
    </ClCompile>
    <ClCompile Include="x 12015 가장 긴 증가하는 부분 수열 2.cpp">
      <Filter>소스 파일</Filter>
    </ClCompile>
    <ClCompile Include="x %28다시%29 11051 이항 계수 2 %28인터넷 풀이%29.cpp">
      <Filter>소스 파일</Filter>
    </ClCompile>
    <ClCompile Include="x %28다시%29 2261 가장 가까운 두 점 %28인터넷-라인 스위핑%29.cpp">
      <Filter>소스 파일</Filter>
    </ClCompile>
    <ClCompile Include="o 1717 집합의 표현.cpp">
      <Filter>소스 파일</Filter>
    </ClCompile>
    <ClCompile Include="x %28다시%29 4195 친구 네트워크.cpp">
      <Filter>소스 파일</Filter>
    </ClCompile>
    <ClCompile Include="o 1976 여행 가자.cpp">
      <Filter>소스 파일</Filter>
    </ClCompile>
    <ClCompile Include="o 1753 최단경로.cpp">
      <Filter>소스 파일</Filter>
    </ClCompile>
    <ClCompile Include="o 1916 최소비용 구하기.cpp">
      <Filter>소스 파일</Filter>
    </ClCompile>
    <ClCompile Include="o 1238 파티.cpp">
      <Filter>소스 파일</Filter>
    </ClCompile>
    <ClCompile Include="o 1261 알고스팟.cpp">
      <Filter>소스 파일</Filter>
    </ClCompile>
    <ClCompile Include="o 4485 녹색 옷 입은 애가 젤다지.cpp">
      <Filter>소스 파일</Filter>
    </ClCompile>
    <ClCompile Include="o 2110 공유기 설치.cpp">
      <Filter>소스 파일</Filter>
    </ClCompile>
    <ClCompile Include="o 2110 공유기 설치%28다시%29.cpp">
      <Filter>소스 파일</Filter>
    </ClCompile>
    <ClCompile Include="o 2609 최대공약수 최소공배수.cpp">
      <Filter>소스 파일</Filter>
    </ClCompile>
    <ClCompile Include="o 2609 최대공약수 최소공배수%28다시%29.cpp">
      <Filter>소스 파일</Filter>
    </ClCompile>
    <ClCompile Include="o 9251 LCS.cpp">
      <Filter>소스 파일</Filter>
    </ClCompile>
    <ClCompile Include="o 9251 LCS%28다시%29.cpp">
      <Filter>소스 파일</Filter>
    </ClCompile>
    <ClCompile Include="o 9252 LCS 2.cpp">
      <Filter>소스 파일</Filter>
    </ClCompile>
    <ClCompile Include="o 9252 LCS 2%28다시%29.cpp">
      <Filter>소스 파일</Filter>
    </ClCompile>
    <ClCompile Include="o 9576 책 나눠주기.cpp">
      <Filter>소스 파일</Filter>
    </ClCompile>
    <ClCompile Include="o 9576 책 나눠주기%28다시%29.cpp">
      <Filter>소스 파일</Filter>
    </ClCompile>
    <ClCompile Include="o 11053 가장 긴 증가하는 부분 수열.cpp">
      <Filter>소스 파일</Filter>
    </ClCompile>
    <ClCompile Include="o 11053 가장 긴 증가하는 부분 수열%28다시%29.cpp">
      <Filter>소스 파일</Filter>
    </ClCompile>
    <ClCompile Include="o 1520 내리막 길.cpp">
      <Filter>소스 파일</Filter>
    </ClCompile>
    <ClCompile Include="o 1520 내리막 길%28다시%29.cpp">
      <Filter>소스 파일</Filter>
    </ClCompile>
    <ClCompile Include="o 1939 중량제한.cpp">
      <Filter>소스 파일</Filter>
    </ClCompile>
    <ClCompile Include="o 1939 중량제한%28다시%29.cpp">
      <Filter>소스 파일</Filter>
    </ClCompile>
    <ClCompile Include="o 2156 포도주 시식.cpp">
      <Filter>소스 파일</Filter>
    </ClCompile>
    <ClCompile Include="o 2156 포도주 시식%28다시%29.cpp">
      <Filter>소스 파일</Filter>
    </ClCompile>
    <ClCompile Include="o 2206 벽부수고 이동하기.cpp">
      <Filter>소스 파일</Filter>
    </ClCompile>
    <ClCompile Include="o 2206 벽부수고 이동하기%28다시%29.cpp">
      <Filter>소스 파일</Filter>
    </ClCompile>
    <ClCompile Include="o 2869 달팽이는 올라가고 싶다.cpp">
      <Filter>소스 파일</Filter>
    </ClCompile>
    <ClCompile Include="o 2869 달팽이는 올라가고 싶다%28다시%29.cpp">
      <Filter>소스 파일</Filter>
    </ClCompile>
    <ClCompile Include="x 1422 숫자의 신.cpp">
      <Filter>소스 파일</Filter>
    </ClCompile>
    <ClCompile Include="x %28다시%29 1016 제곱 ㄴㄴ 수 %28인터넷%29.cpp">
      <Filter>소스 파일</Filter>
    </ClCompile>
    <ClCompile Include="o 1655 가운데를 말해요.cpp">
      <Filter>소스 파일</Filter>
    </ClCompile>
    <ClCompile Include="o 1655 가운데를 말해요%28다시%29.cpp">
      <Filter>소스 파일</Filter>
    </ClCompile>
    <ClCompile Include="o 1890 점프.cpp">
      <Filter>소스 파일</Filter>
    </ClCompile>
    <ClCompile Include="o 1890 점프%28다시%29.cpp">
      <Filter>소스 파일</Filter>
    </ClCompile>
    <ClCompile Include="o 1992 쿼드트리 .cpp">
      <Filter>소스 파일</Filter>
    </ClCompile>
    <ClCompile Include="o 1992 쿼드트리%28다시%29.cpp">
      <Filter>소스 파일</Filter>
    </ClCompile>
    <ClCompile Include="o 10775 공항.cpp">
      <Filter>소스 파일</Filter>
    </ClCompile>
    <ClCompile Include="o 10775 공항%28다시%29.cpp">
      <Filter>소스 파일</Filter>
    </ClCompile>
    <ClCompile Include="o 1504 특정한 최단 경로%28이건 안되고%29.cpp">
      <Filter>소스 파일</Filter>
    </ClCompile>
    <ClCompile Include="o 1504 특정한 최단 경로%28다시%29.cpp">
      <Filter>소스 파일</Filter>
    </ClCompile>
    <ClCompile Include="o 1915 가장 큰 정사각형.cpp">
      <Filter>소스 파일</Filter>
    </ClCompile>
    <ClCompile Include="o 1915 가장 큰 정사각형%28다시%29.cpp">
      <Filter>소스 파일</Filter>
    </ClCompile>
    <ClCompile Include="o 3090 차이를 최소로.cpp">
      <Filter>소스 파일</Filter>
    </ClCompile>
    <ClCompile Include="o 3090 차이를 최소로%28다시 56점%29.cpp">
      <Filter>소스 파일</Filter>
    </ClCompile>
    <ClCompile Include="o 10827 a에b승 %28틀렸지만 답은나옴 ㅎ..%29.cpp">
      <Filter>소스 파일</Filter>
    </ClCompile>
    <ClCompile Include="o 10827 a에b승%28다시%29.cpp">
      <Filter>소스 파일</Filter>
    </ClCompile>
    <ClCompile Include="o 11729 하노이 탑 %28인터넷%29.cpp">
      <Filter>소스 파일</Filter>
    </ClCompile>
    <ClCompile Include="o %28다시%29 11729 하노이 탑%28다시%29.cpp">
      <Filter>소스 파일</Filter>
    </ClCompile>
    <ClCompile Include="o 14889 스타트와링크.cpp">
      <Filter>소스 파일</Filter>
    </ClCompile>
    <ClCompile Include="o 14889 스타트와링크%28다시%29.cpp">
      <Filter>소스 파일</Filter>
    </ClCompile>
    <ClCompile Include="x 11066 파일합치기%28실패%29.cpp">
      <Filter>소스 파일</Filter>
    </ClCompile>
    <ClCompile Include="x 2631 줄세우기.cpp">
      <Filter>소스 파일</Filter>
    </ClCompile>
    <ClCompile Include="x %28다시%29 11657 타임머신%28벨만 포드%29.cpp">
      <Filter>소스 파일</Filter>
    </ClCompile>
    <ClCompile Include="x %28다시%29 11404 플로이드.cpp">
      <Filter>소스 파일</Filter>
    </ClCompile>
    <ClCompile Include="x %28다시%29 10159 저울%28플로이드%29.cpp">
      <Filter>소스 파일</Filter>
    </ClCompile>
    <ClCompile Include="o 1613 역사.cpp">
      <Filter>소스 파일</Filter>
    </ClCompile>
    <ClCompile Include="o %28다시%29 1197 최소 스패닝 트리.cpp">
      <Filter>소스 파일</Filter>
    </ClCompile>
    <ClCompile Include="o 1647 도시 분할 계획.cpp">
      <Filter>소스 파일</Filter>
    </ClCompile>
    <ClCompile Include="o %28다시%29 2887 행성 터널.cpp">
      <Filter>소스 파일</Filter>
    </ClCompile>
    <ClCompile Include="o 2252 줄 세우기.cpp">
      <Filter>소스 파일</Filter>
    </ClCompile>
    <ClCompile Include="o %28다시%29 1005 ACM Craft.cpp">
      <Filter>소스 파일</Filter>
    </ClCompile>
    <ClCompile Include="o 1766 문제집.cpp">
      <Filter>소스 파일</Filter>
    </ClCompile>
    <ClCompile Include="x %28다시%29 3665 최종순위 %28인터넷%29.cpp">
      <Filter>소스 파일</Filter>
    </ClCompile>
    <ClCompile Include="x %28다시%29 2042 구간 합 구하기%28인터넷%29.cpp">
      <Filter>소스 파일</Filter>
    </ClCompile>
    <ClCompile Include="o %28다시%29 1967 트리의 지름.cpp">
      <Filter>소스 파일</Filter>
    </ClCompile>
    <ClCompile Include="x 14867 물통.cpp">
      <Filter>소스 파일</Filter>
    </ClCompile>
    <ClCompile Include="o %28다시%29 1726 로봇.cpp">
      <Filter>소스 파일</Filter>
    </ClCompile>
    <ClCompile Include="o 5430 ac%28다시%29.cpp">
      <Filter>소스 파일</Filter>
    </ClCompile>
    <ClCompile Include="o 6603 로또%28다시%29.cpp">
      <Filter>소스 파일</Filter>
    </ClCompile>
    <ClCompile Include="o 2750 수 정렬하기%28다시%29.cpp">
      <Filter>소스 파일</Filter>
    </ClCompile>
    <ClCompile Include="o 2751 수 정렬하기 2%28다시%29.cpp">
      <Filter>소스 파일</Filter>
    </ClCompile>
    <ClCompile Include="o 10989 수 정렬하기 3%28다시%29.cpp">
      <Filter>소스 파일</Filter>
    </ClCompile>
    <ClCompile Include="o 10815 숫자카드%28다시%29.cpp">
      <Filter>소스 파일</Filter>
    </ClCompile>
    <ClCompile Include="o 10828 스택%28다시%29.cpp">
      <Filter>소스 파일</Filter>
    </ClCompile>
    <ClCompile Include="o 10845 큐%28다시%29.cpp">
      <Filter>소스 파일</Filter>
    </ClCompile>
    <ClCompile Include="o 10866 덱%28다시%29.cpp">
      <Filter>소스 파일</Filter>
    </ClCompile>
    <ClCompile Include="x %28다시%29 1406 에디터%28다시%29.cpp">
      <Filter>소스 파일</Filter>
    </ClCompile>
    <ClCompile Include="o 1026 보물%28다시%29.cpp">
      <Filter>소스 파일</Filter>
    </ClCompile>
    <ClCompile Include="o 1181 단어정렬%28다시%29.cpp">
      <Filter>소스 파일</Filter>
    </ClCompile>
    <ClCompile Include="o 11650 좌표 정렬하기%28다시%29.cpp">
      <Filter>소스 파일</Filter>
    </ClCompile>
    <ClCompile Include="o 11651 좌표 정렬하기 2%28다시%29.cpp">
      <Filter>소스 파일</Filter>
    </ClCompile>
    <ClCompile Include="o 10867 중복 빼고 정렬하기%28다시%29.cpp">
      <Filter>소스 파일</Filter>
    </ClCompile>
    <ClCompile Include="o 10816 숫자 카드 2%28다시%29.cpp">
      <Filter>소스 파일</Filter>
    </ClCompile>
    <ClCompile Include="o 9012 괄호%28다시%29.cpp">
      <Filter>소스 파일</Filter>
    </ClCompile>
    <ClCompile Include="o 1874 스택 수열%28다시%29.cpp">
      <Filter>소스 파일</Filter>
    </ClCompile>
    <ClCompile Include="o 1158 조세퍼스 문제%28다시%29.cpp">
      <Filter>소스 파일</Filter>
    </ClCompile>
    <ClCompile Include="o 1966 프린터 큐%28다시%29.cpp">
      <Filter>소스 파일</Filter>
    </ClCompile>
    <ClCompile Include="x %28다시%29 1920 수 찾기%28다시%29.cpp">
      <Filter>소스 파일</Filter>
    </ClCompile>
    <ClCompile Include="o 1182 부분집합의 합%28다시%29.cpp">
      <Filter>소스 파일</Filter>
    </ClCompile>
    <ClCompile Include="o 9095 123 더하기%28다시%29.cpp">
      <Filter>소스 파일</Filter>
    </ClCompile>
    <ClCompile Include="o 9663 nqueen%28다시%29.cpp">
      <Filter>소스 파일</Filter>
    </ClCompile>
    <ClCompile Include="o 1037 약수%28다시%29.cpp">
      <Filter>소스 파일</Filter>
    </ClCompile>
    <ClCompile Include="o 1978 소수찾기%28다시%29.cpp">
      <Filter>소스 파일</Filter>
    </ClCompile>
    <ClCompile Include="o 1929 소수 구하기%28다시%29.cpp">
      <Filter>소스 파일</Filter>
    </ClCompile>
    <ClCompile Include="o 2609 최대공약수와 최소공배수%28다시%29.cpp">
      <Filter>소스 파일</Filter>
    </ClCompile>
    <ClCompile Include="o 14889 스타트와 링크%28다시%29.cpp">
      <Filter>소스 파일</Filter>
    </ClCompile>
    <ClCompile Include="o 15686 치킨배달%28다시%29.cpp">
      <Filter>소스 파일</Filter>
    </ClCompile>
    <ClCompile Include="o 2661 좋은 수열%28다시%29.cpp">
      <Filter>소스 파일</Filter>
    </ClCompile>
    <ClCompile Include="o 2580 스도쿠%28다시%29.cpp">
      <Filter>소스 파일</Filter>
    </ClCompile>
  </ItemGroup>
</Project>