<?xml version="1.0" encoding="utf-8"?>
<Project ToolsVersion="4.0" xmlns="http://schemas.microsoft.com/developer/msbuild/2003">
  <ItemGroup>
    <Filter Include="소스 파일">
      <UniqueIdentifier>{4FC737F1-C7A5-4376-A066-2A32D752A2FF}</UniqueIdentifier>
      <Extensions>cpp;c;cc;cxx;def;odl;idl;hpj;bat;asm;asmx</Extensions>
    </Filter>
    <Filter Include="헤더 파일">
      <UniqueIdentifier>{93995380-89BD-4b04-88EB-625FBE52EBFB}</UniqueIdentifier>
      <Extensions>h;hh;hpp;hxx;hm;inl;inc;ipp;xsd</Extensions>
    </Filter>
    <Filter Include="리소스 파일">
      <UniqueIdentifier>{67DA6AB6-F800-4c08-8B7A-83BB121AAD01}</UniqueIdentifier>
      <Extensions>rc;ico;cur;bmp;dlg;rc2;rct;bin;rgs;gif;jpg;jpeg;jpe;resx;tiff;tif;png;wav;mfcribbon-ms</Extensions>
    </Filter>
  </ItemGroup>
  <ItemGroup>
    <ClCompile Include="o 1912 연속합.cpp">
      <Filter>소스 파일</Filter>
    </ClCompile>
    <ClCompile Include="x 2293 동전.cpp">
      <Filter>소스 파일</Filter>
    </ClCompile>
    <ClCompile Include="o 2579 계단오르기.cpp">
      <Filter>소스 파일</Filter>
    </ClCompile>
    <ClCompile Include="o 2636 치즈.cpp">
      <Filter>소스 파일</Filter>
    </ClCompile>
    <ClCompile Include="o 2661 좋은수열.cpp">
      <Filter>소스 파일</Filter>
    </ClCompile>
    <ClCompile Include="o 5430 ac.cpp">
      <Filter>소스 파일</Filter>
    </ClCompile>
    <ClCompile Include="o 6588 골드바흐의 추측.cpp">
      <Filter>소스 파일</Filter>
    </ClCompile>
    <ClCompile Include="o 11052 카드 구매하기.cpp">
      <Filter>소스 파일</Filter>
    </ClCompile>
    <ClCompile Include="o 11727 2 x n 타일링 2.cpp">
      <Filter>소스 파일</Filter>
    </ClCompile>
    <ClCompile Include="x 14889 스타트와링크.cpp">
      <Filter>소스 파일</Filter>
    </ClCompile>
    <ClCompile Include="o 15686 치킨 배달.cpp">
      <Filter>소스 파일</Filter>
    </ClCompile>
    <ClCompile Include="x 15711 환상의 짝궁.cpp">
      <Filter>소스 파일</Filter>
    </ClCompile>
    <ClCompile Include="o 2805 나무 자르기.cpp">
      <Filter>소스 파일</Filter>
    </ClCompile>
    <ClCompile Include="o 12787 지금 밥이 문제냐.cpp">
      <Filter>소스 파일</Filter>
    </ClCompile>
    <ClCompile Include="o 2512 예산.cpp">
      <Filter>소스 파일</Filter>
    </ClCompile>
    <ClCompile Include="o %28다시%29 2206 벽부수고 이동하기.cpp">
      <Filter>소스 파일</Filter>
    </ClCompile>
    <ClCompile Include="o %28다시%29 2580 스도쿠.cpp">
      <Filter>소스 파일</Filter>
    </ClCompile>
    <ClCompile Include="o %28다시%29 2609 최대공약수 최소공배수.cpp">
      <Filter>소스 파일</Filter>
    </ClCompile>
    <ClCompile Include="o %28다시%29 2869 달팽이는 올라가고 싶다.cpp">
      <Filter>소스 파일</Filter>
    </ClCompile>
    <ClCompile Include="x %28다시%29 1016 제곱 ㄴㄴ 수 %28지녀기 풀이%29.cpp">
      <Filter>소스 파일</Filter>
    </ClCompile>
    <ClCompile Include="o %28다시%29 2156 포도주 시식.cpp">
      <Filter>소스 파일</Filter>
    </ClCompile>
    <ClCompile Include="o %28다시%29 11053 가장 긴 증가하는 부분 수열.cpp">
      <Filter>소스 파일</Filter>
    </ClCompile>
    <ClCompile Include="o %28다시%29 2110 공유기 설치.cpp">
      <Filter>소스 파일</Filter>
    </ClCompile>
    <ClCompile Include="x %28다시%29 1655 가운데를 말해요.cpp">
      <Filter>소스 파일</Filter>
    </ClCompile>
    <ClCompile Include="o %28다시%29 9576 책 나눠주기.cpp">
      <Filter>소스 파일</Filter>
    </ClCompile>
    <ClCompile Include="o 13305 주유소.cpp">
      <Filter>소스 파일</Filter>
    </ClCompile>
    <ClCompile Include="o 1654 랜선 자르기.cpp">
      <Filter>소스 파일</Filter>
    </ClCompile>
    <ClCompile Include="o 1826 연료 채우기.cpp">
      <Filter>소스 파일</Filter>
    </ClCompile>
    <ClCompile Include="x %28결과는 나오는데 왜안될까요%29 1422 숫자의신.cpp">
      <Filter>소스 파일</Filter>
    </ClCompile>
    <ClCompile Include="x 2618 경찰차.cpp">
      <Filter>소스 파일</Filter>
    </ClCompile>
    <ClCompile Include="o %28다시%29 1939 중량제한.cpp">
      <Filter>소스 파일</Filter>
    </ClCompile>
    <ClCompile Include="x 2618 경찰차 2.cpp">
      <Filter>소스 파일</Filter>
    </ClCompile>
    <ClCompile Include="o 2585 경비행기.cpp">
      <Filter>소스 파일</Filter>
    </ClCompile>
    <ClCompile Include="o 3079 입국심사.cpp">
      <Filter>소스 파일</Filter>
    </ClCompile>
    <ClCompile Include="x 3090 차이를 최소로.cpp">
      <Filter>소스 파일</Filter>
    </ClCompile>
    <ClCompile Include="x %28다시%29 1890 점프.cpp">
      <Filter>소스 파일</Filter>
    </ClCompile>
    <ClCompile Include="o %28다시%29 1520 내리막 길.cpp">
      <Filter>소스 파일</Filter>
    </ClCompile>
    <ClCompile Include="x 12015 가장 긴 증가하는 부분 수열 2.cpp">
      <Filter>소스 파일</Filter>
    </ClCompile>
    <ClCompile Include="o %28다시%29 9251 LCS.cpp">
      <Filter>소스 파일</Filter>
    </ClCompile>
    <ClCompile Include="o %28다시%29 9252 LCS 2.cpp">
      <Filter>소스 파일</Filter>
    </ClCompile>
    <ClCompile Include="x %28다시%29 11051 이항 계수 2 %28인터넷 풀이%29.cpp">
      <Filter>소스 파일</Filter>
    </ClCompile>
  </ItemGroup>
</Project>